
Microsoft Visual Studio Solution File, Format Version 12.00
# Visual Studio Version 16
VisualStudioVersion = 16.0.30804.86
MinimumVisualStudioVersion = 10.0.40219.1
Project("{9A19103F-16F7-4668-BE54-9A1E7A4F7556}") = "KampIntro", "KampIntro\KampIntro.csproj", "{E2EF7DC0-5E95-4000-B88B-7360259DB842}"
EndProject
Project("{9A19103F-16F7-4668-BE54-9A1E7A4F7556}") = "Donguler", "Donguler\Donguler.csproj", "{90FD3CF9-FACB-44A8-8491-390AC6C69205}"
EndProject
Project("{9A19103F-16F7-4668-BE54-9A1E7A4F7556}") = "ClassIntro", "ClassIntro\ClassIntro.csproj", "{4EE4274F-60FC-484E-BBE7-3E4C987E41CA}"
EndProject
Project("{9A19103F-16F7-4668-BE54-9A1E7A4F7556}") = "Metotlar", "Metotlar\Metotlar.csproj", "{228BD7F4-A735-4ABE-B4E7-F7135C92523D}"
EndProject
Project("{9A19103F-16F7-4668-BE54-9A1E7A4F7556}") = "Matematik", "Matematik\Matematik.csproj", "{EA140143-DF7E-4AFA-B0B2-E8CD0D7EADCD}"
EndProject
Project("{9A19103F-16F7-4668-BE54-9A1E7A4F7556}") = "DegerVeReferansTipler", "DegerVeReferansTipler\DegerVeReferansTipler.csproj", "{3202EDAF-45EC-4417-93C2-D19EB7A4ABFE}"
EndProject
Project("{9A19103F-16F7-4668-BE54-9A1E7A4F7556}") = "OOP1", "OOP1\OOP1.csproj", "{000E35BC-1CCB-4D5F-8FCF-75A540AA2C74}"
EndProject
Project("{9A19103F-16F7-4668-BE54-9A1E7A4F7556}") = "Koleksiyonlar", "Koleksiyonlar\Koleksiyonlar.csproj", "{A0066A2B-F0B9-47CB-B7DE-3D0020585D61}"
EndProject
Project("{9A19103F-16F7-4668-BE54-9A1E7A4F7556}") = "GenericsIntro", "GenericsIntro\GenericsIntro.csproj", "{FC961D90-E28B-4207-8482-B881FA3A6169}"
EndProject
Project("{FAE04EC0-301F-11D3-BF4B-00C04F79EFBC}") = "OOP2", "OOP2\OOP2.csproj", "{ED38F86A-ECEB-4265-A715-BEB7E91EACC4}"
EndProject
Project("{FAE04EC0-301F-11D3-BF4B-00C04F79EFBC}") = "OOP3", "OOP3\OOP3.csproj", "{C0BBFF3C-CCC5-40D0-9119-8AF693A2D200}"
EndProject
Global
	GlobalSection(SolutionConfigurationPlatforms) = preSolution
		Debug|Any CPU = Debug|Any CPU
		Release|Any CPU = Release|Any CPU
	EndGlobalSection
	GlobalSection(ProjectConfigurationPlatforms) = postSolution
		{E2EF7DC0-5E95-4000-B88B-7360259DB842}.Debug|Any CPU.ActiveCfg = Debug|Any CPU
		{E2EF7DC0-5E95-4000-B88B-7360259DB842}.Debug|Any CPU.Build.0 = Debug|Any CPU
		{E2EF7DC0-5E95-4000-B88B-7360259DB842}.Release|Any CPU.ActiveCfg = Release|Any CPU
		{E2EF7DC0-5E95-4000-B88B-7360259DB842}.Release|Any CPU.Build.0 = Release|Any CPU
		{90FD3CF9-FACB-44A8-8491-390AC6C69205}.Debug|Any CPU.ActiveCfg = Debug|Any CPU
		{90FD3CF9-FACB-44A8-8491-390AC6C69205}.Debug|Any CPU.Build.0 = Debug|Any CPU
		{90FD3CF9-FACB-44A8-8491-390AC6C69205}.Release|Any CPU.ActiveCfg = Release|Any CPU
		{90FD3CF9-FACB-44A8-8491-390AC6C69205}.Release|Any CPU.Build.0 = Release|Any CPU
		{4EE4274F-60FC-484E-BBE7-3E4C987E41CA}.Debug|Any CPU.ActiveCfg = Debug|Any CPU
		{4EE4274F-60FC-484E-BBE7-3E4C987E41CA}.Debug|Any CPU.Build.0 = Debug|Any CPU
		{4EE4274F-60FC-484E-BBE7-3E4C987E41CA}.Release|Any CPU.ActiveCfg = Release|Any CPU
		{4EE4274F-60FC-484E-BBE7-3E4C987E41CA}.Release|Any CPU.Build.0 = Release|Any CPU
		{228BD7F4-A735-4ABE-B4E7-F7135C92523D}.Debug|Any CPU.ActiveCfg = Debug|Any CPU
		{228BD7F4-A735-4ABE-B4E7-F7135C92523D}.Debug|Any CPU.Build.0 = Debug|Any CPU
		{228BD7F4-A735-4ABE-B4E7-F7135C92523D}.Release|Any CPU.ActiveCfg = Release|Any CPU
		{228BD7F4-A735-4ABE-B4E7-F7135C92523D}.Release|Any CPU.Build.0 = Release|Any CPU
		{EA140143-DF7E-4AFA-B0B2-E8CD0D7EADCD}.Debug|Any CPU.ActiveCfg = Debug|Any CPU
		{EA140143-DF7E-4AFA-B0B2-E8CD0D7EADCD}.Debug|Any CPU.Build.0 = Debug|Any CPU
		{EA140143-DF7E-4AFA-B0B2-E8CD0D7EADCD}.Release|Any CPU.ActiveCfg = Release|Any CPU
		{EA140143-DF7E-4AFA-B0B2-E8CD0D7EADCD}.Release|Any CPU.Build.0 = Release|Any CPU
		{3202EDAF-45EC-4417-93C2-D19EB7A4ABFE}.Debug|Any CPU.ActiveCfg = Debug|Any CPU
		{3202EDAF-45EC-4417-93C2-D19EB7A4ABFE}.Debug|Any CPU.Build.0 = Debug|Any CPU
		{3202EDAF-45EC-4417-93C2-D19EB7A4ABFE}.Release|Any CPU.ActiveCfg = Release|Any CPU
		{3202EDAF-45EC-4417-93C2-D19EB7A4ABFE}.Release|Any CPU.Build.0 = Release|Any CPU
		{000E35BC-1CCB-4D5F-8FCF-75A540AA2C74}.Debug|Any CPU.ActiveCfg = Debug|Any CPU
		{000E35BC-1CCB-4D5F-8FCF-75A540AA2C74}.Debug|Any CPU.Build.0 = Debug|Any CPU
		{000E35BC-1CCB-4D5F-8FCF-75A540AA2C74}.Release|Any CPU.ActiveCfg = Release|Any CPU
		{000E35BC-1CCB-4D5F-8FCF-75A540AA2C74}.Release|Any CPU.Build.0 = Release|Any CPU
		{A0066A2B-F0B9-47CB-B7DE-3D0020585D61}.Debug|Any CPU.ActiveCfg = Debug|Any CPU
		{A0066A2B-F0B9-47CB-B7DE-3D0020585D61}.Debug|Any CPU.Build.0 = Debug|Any CPU
		{A0066A2B-F0B9-47CB-B7DE-3D0020585D61}.Release|Any CPU.ActiveCfg = Release|Any CPU
		{A0066A2B-F0B9-47CB-B7DE-3D0020585D61}.Release|Any CPU.Build.0 = Release|Any CPU
		{FC961D90-E28B-4207-8482-B881FA3A6169}.Debug|Any CPU.ActiveCfg = Debug|Any CPU
		{FC961D90-E28B-4207-8482-B881FA3A6169}.Debug|Any CPU.Build.0 = Debug|Any CPU
		{FC961D90-E28B-4207-8482-B881FA3A6169}.Release|Any CPU.ActiveCfg = Release|Any CPU
		{FC961D90-E28B-4207-8482-B881FA3A6169}.Release|Any CPU.Build.0 = Release|Any CPU
		{ED38F86A-ECEB-4265-A715-BEB7E91EACC4}.Debug|Any CPU.ActiveCfg = Debug|Any CPU
		{ED38F86A-ECEB-4265-A715-BEB7E91EACC4}.Debug|Any CPU.Build.0 = Debug|Any CPU
		{ED38F86A-ECEB-4265-A715-BEB7E91EACC4}.Release|Any CPU.ActiveCfg = Release|Any CPU
		{ED38F86A-ECEB-4265-A715-BEB7E91EACC4}.Release|Any CPU.Build.0 = Release|Any CPU
		{C0BBFF3C-CCC5-40D0-9119-8AF693A2D200}.Debug|Any CPU.ActiveCfg = Debug|Any CPU
		{C0BBFF3C-CCC5-40D0-9119-8AF693A2D200}.Debug|Any CPU.Build.0 = Debug|Any CPU
		{C0BBFF3C-CCC5-40D0-9119-8AF693A2D200}.Release|Any CPU.ActiveCfg = Release|Any CPU
		{C0BBFF3C-CCC5-40D0-9119-8AF693A2D200}.Release|Any CPU.Build.0 = Release|Any CPU
	EndGlobalSection
	GlobalSection(SolutionProperties) = preSolution
		HideSolutionNode = FALSE
	EndGlobalSection
	GlobalSection(ExtensibilityGlobals) = postSolution
		SolutionGuid = {21D5E01C-92E5-4A41-A7BF-70EFA525620E}
	EndGlobalSection
EndGlobal
